// !$*UTF8*$!
{
	archiveVersion = 1;
	classes = {
	};
	objectVersion = 50;
	objects = {

/* Begin PBXBuildFile section */
		BF02516322718CC10005E0A6 /* HomeVC.swift in Sources */ = {isa = PBXBuildFile; fileRef = BF02516222718CC10005E0A6 /* HomeVC.swift */; };
		BF02516722718DA90005E0A6 /* SideMenuVC.swift in Sources */ = {isa = PBXBuildFile; fileRef = BF02516622718DA90005E0A6 /* SideMenuVC.swift */; };
		BF0251692271928D0005E0A6 /* TimelyColors.swift in Sources */ = {isa = PBXBuildFile; fileRef = BF0251682271928D0005E0A6 /* TimelyColors.swift */; };
		BF02516B2271929C0005E0A6 /* TimelyConstants.swift in Sources */ = {isa = PBXBuildFile; fileRef = BF02516A2271929C0005E0A6 /* TimelyConstants.swift */; };
		BF02516D227192AB0005E0A6 /* TimelyFonts.swift in Sources */ = {isa = PBXBuildFile; fileRef = BF02516C227192AB0005E0A6 /* TimelyFonts.swift */; };
		BF025170227198040005E0A6 /* TimelyColorsExtension.swift in Sources */ = {isa = PBXBuildFile; fileRef = BF02516F227198040005E0A6 /* TimelyColorsExtension.swift */; };
		BF025172227199890005E0A6 /* RightVC.swift in Sources */ = {isa = PBXBuildFile; fileRef = BF025171227199890005E0A6 /* RightVC.swift */; };
		BF02517E2271B8850005E0A6 /* Lato-Black.ttf in Resources */ = {isa = PBXBuildFile; fileRef = BF02517D2271B7D50005E0A6 /* Lato-Black.ttf */; };
		BF02517F2271B8850005E0A6 /* Lato-BlackItalic.ttf in Resources */ = {isa = PBXBuildFile; fileRef = BF0251752271B7D40005E0A6 /* Lato-BlackItalic.ttf */; };
		BF0251802271B8850005E0A6 /* Lato-Bold.ttf in Resources */ = {isa = PBXBuildFile; fileRef = BF0251792271B7D50005E0A6 /* Lato-Bold.ttf */; };
		BF0251812271B8850005E0A6 /* Lato-BoldItalic.ttf in Resources */ = {isa = PBXBuildFile; fileRef = BF0251762271B7D50005E0A6 /* Lato-BoldItalic.ttf */; };
		BF0251822271B8850005E0A6 /* Lato-Hairline.ttf in Resources */ = {isa = PBXBuildFile; fileRef = BF0251742271B7D40005E0A6 /* Lato-Hairline.ttf */; };
		BF0251832271B8850005E0A6 /* Lato-HairlineItalic.ttf in Resources */ = {isa = PBXBuildFile; fileRef = BF02517A2271B7D50005E0A6 /* Lato-HairlineItalic.ttf */; };
		BF0251842271B8850005E0A6 /* Lato-Italic.ttf in Resources */ = {isa = PBXBuildFile; fileRef = BF0251772271B7D50005E0A6 /* Lato-Italic.ttf */; };
		BF0251852271B8850005E0A6 /* Lato-Light.ttf in Resources */ = {isa = PBXBuildFile; fileRef = BF02517B2271B7D50005E0A6 /* Lato-Light.ttf */; };
		BF0251862271B8850005E0A6 /* Lato-LightItalic.ttf in Resources */ = {isa = PBXBuildFile; fileRef = BF02517C2271B7D50005E0A6 /* Lato-LightItalic.ttf */; };
		BF0251872271B8850005E0A6 /* Lato-Regular.ttf in Resources */ = {isa = PBXBuildFile; fileRef = BF0251782271B7D50005E0A6 /* Lato-Regular.ttf */; };
		BF02518D2271CC6D0005E0A6 /* XYMarkerView.swift in Sources */ = {isa = PBXBuildFile; fileRef = BF02518A2271CC6C0005E0A6 /* XYMarkerView.swift */; };
		BF02518E2271CC6D0005E0A6 /* RadarMarkerView.swift in Sources */ = {isa = PBXBuildFile; fileRef = BF02518B2271CC6C0005E0A6 /* RadarMarkerView.swift */; };
		BF02518F2271CC6D0005E0A6 /* BalloonMarker.swift in Sources */ = {isa = PBXBuildFile; fileRef = BF02518C2271CC6C0005E0A6 /* BalloonMarker.swift */; };
		BF0251942271CCB20005E0A6 /* DateValueFormatter.swift in Sources */ = {isa = PBXBuildFile; fileRef = BF0251902271CCB20005E0A6 /* DateValueFormatter.swift */; };
		BF0251952271CCB20005E0A6 /* IntAxisValueFormatter.swift in Sources */ = {isa = PBXBuildFile; fileRef = BF0251912271CCB20005E0A6 /* IntAxisValueFormatter.swift */; };
		BF0251962271CCB20005E0A6 /* DayAxisValueFormatter.swift in Sources */ = {isa = PBXBuildFile; fileRef = BF0251922271CCB20005E0A6 /* DayAxisValueFormatter.swift */; };
		BF0251972271CCB20005E0A6 /* LargeValueFormatter.swift in Sources */ = {isa = PBXBuildFile; fileRef = BF0251932271CCB20005E0A6 /* LargeValueFormatter.swift */; };
		BF02519B2276FE190005E0A6 /* ColoredImageView.swift in Sources */ = {isa = PBXBuildFile; fileRef = BF02519A2276FE190005E0A6 /* ColoredImageView.swift */; };
		BF085B25229567DF002BFE9E /* TimelyTests.swift in Sources */ = {isa = PBXBuildFile; fileRef = BF085B24229567DF002BFE9E /* TimelyTests.swift */; };
		BF085B2D2295682D002BFE9E /* LoginTests.swift in Sources */ = {isa = PBXBuildFile; fileRef = BF085B2C2295682D002BFE9E /* LoginTests.swift */; };
		BF0E32C922781BA2003C0B8B /* InOutCell.swift in Sources */ = {isa = PBXBuildFile; fileRef = BF0E32C722781BA2003C0B8B /* InOutCell.swift */; };
		BF0E32CA22781BA2003C0B8B /* InOutCell.xib in Resources */ = {isa = PBXBuildFile; fileRef = BF0E32C822781BA2003C0B8B /* InOutCell.xib */; };
		BF0E32CD227823F8003C0B8B /* InOutCollectionCell.swift in Sources */ = {isa = PBXBuildFile; fileRef = BF0E32CB227823F8003C0B8B /* InOutCollectionCell.swift */; };
		BF0E32CE227823F8003C0B8B /* InOutCollectionCell.xib in Resources */ = {isa = PBXBuildFile; fileRef = BF0E32CC227823F8003C0B8B /* InOutCollectionCell.xib */; };
		BF0E32D3227857AF003C0B8B /* TimelyArrayExtensions.swift in Sources */ = {isa = PBXBuildFile; fileRef = BF0E32D2227857AF003C0B8B /* TimelyArrayExtensions.swift */; };
		BF1286FA226DE2FE000DB226 /* AppDelegate.swift in Sources */ = {isa = PBXBuildFile; fileRef = BF1286F9226DE2FE000DB226 /* AppDelegate.swift */; };
		BF1286FC226DE2FE000DB226 /* ViewController.swift in Sources */ = {isa = PBXBuildFile; fileRef = BF1286FB226DE2FE000DB226 /* ViewController.swift */; };
		BF1286FF226DE2FE000DB226 /* Main.storyboard in Resources */ = {isa = PBXBuildFile; fileRef = BF1286FD226DE2FE000DB226 /* Main.storyboard */; };
		BF128701226DE300000DB226 /* Assets.xcassets in Resources */ = {isa = PBXBuildFile; fileRef = BF128700226DE300000DB226 /* Assets.xcassets */; };
		BF128704226DE300000DB226 /* LaunchScreen.storyboard in Resources */ = {isa = PBXBuildFile; fileRef = BF128702226DE300000DB226 /* LaunchScreen.storyboard */; };
		BF128712226ED8F2000DB226 /* RoundedButton.swift in Sources */ = {isa = PBXBuildFile; fileRef = BF128711226ED8F2000DB226 /* RoundedButton.swift */; };
		BF128714226ED8FC000DB226 /* DesignableTextField.swift in Sources */ = {isa = PBXBuildFile; fileRef = BF128713226ED8FB000DB226 /* DesignableTextField.swift */; };
		BF128716226ED90E000DB226 /* PlaceholderIcon.swift in Sources */ = {isa = PBXBuildFile; fileRef = BF128715226ED90E000DB226 /* PlaceholderIcon.swift */; };
		BF128718226ED913000DB226 /* HRToast+UIView.swift in Sources */ = {isa = PBXBuildFile; fileRef = BF128717226ED913000DB226 /* HRToast+UIView.swift */; };
		BF128720226EDBE6000DB226 /* fa-brands-400.ttf in Resources */ = {isa = PBXBuildFile; fileRef = BF12871C226EDAFD000DB226 /* fa-brands-400.ttf */; };
		BF128721226EDBE6000DB226 /* fa-regular-400.ttf in Resources */ = {isa = PBXBuildFile; fileRef = BF12871E226EDAFD000DB226 /* fa-regular-400.ttf */; };
		BF128722226EDBE6000DB226 /* fa-solid-900.ttf in Resources */ = {isa = PBXBuildFile; fileRef = BF12871D226EDAFD000DB226 /* fa-solid-900.ttf */; };
		BF128723226EDBE6000DB226 /* FontAwesome.otf in Resources */ = {isa = PBXBuildFile; fileRef = BF12871B226EDAFD000DB226 /* FontAwesome.otf */; };
		BF128725226EDFCF000DB226 /* RoundedView.swift in Sources */ = {isa = PBXBuildFile; fileRef = BF128724226EDFCF000DB226 /* RoundedView.swift */; };
		BF128728226EE8B5000DB226 /* AuthenticationVC.swift in Sources */ = {isa = PBXBuildFile; fileRef = BF128727226EE8B5000DB226 /* AuthenticationVC.swift */; };
		BF12873A22717D90000DB226 /* LGSideMenuView.m in Sources */ = {isa = PBXBuildFile; fileRef = BF12872D22717D8F000DB226 /* LGSideMenuView.m */; };
		BF12873B22717D90000DB226 /* LGSideMenuBorderView.m in Sources */ = {isa = PBXBuildFile; fileRef = BF12872F22717D8F000DB226 /* LGSideMenuBorderView.m */; };
		BF12873C22717D90000DB226 /* LGSideMenuController.m in Sources */ = {isa = PBXBuildFile; fileRef = BF12873122717D8F000DB226 /* LGSideMenuController.m */; };
		BF12873D22717D90000DB226 /* LGSideMenuGesturesHandler.m in Sources */ = {isa = PBXBuildFile; fileRef = BF12873222717D90000DB226 /* LGSideMenuGesturesHandler.m */; };
		BF12873E22717D90000DB226 /* UIViewController+LGSideMenuController.m in Sources */ = {isa = PBXBuildFile; fileRef = BF12873522717D90000DB226 /* UIViewController+LGSideMenuController.m */; };
		BF12873F22717D90000DB226 /* LGSideMenuSegue.m in Sources */ = {isa = PBXBuildFile; fileRef = BF12873622717D90000DB226 /* LGSideMenuSegue.m */; };
		BF12874022717D90000DB226 /* LGSideMenuHelper.m in Sources */ = {isa = PBXBuildFile; fileRef = BF12873822717D90000DB226 /* LGSideMenuHelper.m */; };
		BF1287422271828E000DB226 /* MainVC.swift in Sources */ = {isa = PBXBuildFile; fileRef = BF1287412271828E000DB226 /* MainVC.swift */; };
		BF39E090228EB97800881626 /* User.swift in Sources */ = {isa = PBXBuildFile; fileRef = BF39E08F228EB97800881626 /* User.swift */; };
		BF39E093228EBDDE00881626 /* LoginService.swift in Sources */ = {isa = PBXBuildFile; fileRef = BF39E092228EBDDE00881626 /* LoginService.swift */; };
		BF39E095228ECD6200881626 /* ResponseEnums.swift in Sources */ = {isa = PBXBuildFile; fileRef = BF39E094228ECD6200881626 /* ResponseEnums.swift */; };
		BF39E097228ED02000881626 /* TimelyUrls.swift in Sources */ = {isa = PBXBuildFile; fileRef = BF39E096228ED02000881626 /* TimelyUrls.swift */; };
		BF5E9AB8229675ED0080B093 /* person_out.svg in Resources */ = {isa = PBXBuildFile; fileRef = BF5E9AB6229675ED0080B093 /* person_out.svg */; };
		BF5E9AB9229675ED0080B093 /* person_in.svg in Resources */ = {isa = PBXBuildFile; fileRef = BF5E9AB7229675ED0080B093 /* person_in.svg */; };
		BF5E9ABB22967C9D0080B093 /* TimelyColorsUtility.swift in Sources */ = {isa = PBXBuildFile; fileRef = BF5E9ABA22967C9D0080B093 /* TimelyColorsUtility.swift */; };
		BF787A9A229BDD8700705819 /* NavigationDropdownMenu.swift in Sources */ = {isa = PBXBuildFile; fileRef = BF787A99229BDD8700705819 /* NavigationDropdownMenu.swift */; };
		BF787AA1229BE23C00705819 /* StickyHeaderView.swift in Sources */ = {isa = PBXBuildFile; fileRef = BF787A9F229BE23B00705819 /* StickyHeaderView.swift */; };
		BF787AA2229BE23C00705819 /* HeaderShadowView.swift in Sources */ = {isa = PBXBuildFile; fileRef = BF787AA0229BE23C00705819 /* HeaderShadowView.swift */; };
		BF787AA5229BE24400705819 /* UIEdgeInsets+Equatable.swift in Sources */ = {isa = PBXBuildFile; fileRef = BF787AA3229BE24300705819 /* UIEdgeInsets+Equatable.swift */; };
		BF787AA6229BE24400705819 /* UIScrollView+Extension.swift in Sources */ = {isa = PBXBuildFile; fileRef = BF787AA4229BE24400705819 /* UIScrollView+Extension.swift */; };
		BF787AAB229BE24C00705819 /* MenuCell.swift in Sources */ = {isa = PBXBuildFile; fileRef = BF787AA7229BE24C00705819 /* MenuCell.swift */; };
		BF787AAC229BE24C00705819 /* MenuViewDelegate.swift in Sources */ = {isa = PBXBuildFile; fileRef = BF787AA8229BE24C00705819 /* MenuViewDelegate.swift */; };
		BF787AAD229BE24C00705819 /* MenuView.swift in Sources */ = {isa = PBXBuildFile; fileRef = BF787AA9229BE24C00705819 /* MenuView.swift */; };
		BF787AAE229BE24C00705819 /* MenuItem.swift in Sources */ = {isa = PBXBuildFile; fileRef = BF787AAA229BE24C00705819 /* MenuItem.swift */; };
		BF787AB2229C017800705819 /* TimelyDateExtensions.swift in Sources */ = {isa = PBXBuildFile; fileRef = BF787AB1229C017800705819 /* TimelyDateExtensions.swift */; };
		BF854307229BBBE600960B4D /* DGElasticPullToRefreshLoadingViewCircle.swift in Sources */ = {isa = PBXBuildFile; fileRef = BF854302229BBBE500960B4D /* DGElasticPullToRefreshLoadingViewCircle.swift */; };
		BF854308229BBBE600960B4D /* DGElasticPullToRefreshLoadingView.swift in Sources */ = {isa = PBXBuildFile; fileRef = BF854303229BBBE500960B4D /* DGElasticPullToRefreshLoadingView.swift */; };
		BF854309229BBBE600960B4D /* DGElasticPullToRefreshExtensions.swift in Sources */ = {isa = PBXBuildFile; fileRef = BF854304229BBBE500960B4D /* DGElasticPullToRefreshExtensions.swift */; };
		BF85430A229BBBE600960B4D /* DGElasticPullToRefreshConstants.swift in Sources */ = {isa = PBXBuildFile; fileRef = BF854305229BBBE500960B4D /* DGElasticPullToRefreshConstants.swift */; };
		BF85430B229BBBE600960B4D /* DGElasticPullToRefreshView.swift in Sources */ = {isa = PBXBuildFile; fileRef = BF854306229BBBE600960B4D /* DGElasticPullToRefreshView.swift */; };
		BFE0A01E2293C7BB00B5A0E8 /* TimeLogHistoryVC.swift in Sources */ = {isa = PBXBuildFile; fileRef = BFE0A01D2293C7BB00B5A0E8 /* TimeLogHistoryVC.swift */; };
		BFE0A0202293CB5300B5A0E8 /* TimeLogService.swift in Sources */ = {isa = PBXBuildFile; fileRef = BFE0A01F2293CB5300B5A0E8 /* TimeLogService.swift */; };
		BFE0A0222293CC8900B5A0E8 /* TimeLogDetails.swift in Sources */ = {isa = PBXBuildFile; fileRef = BFE0A0212293CC8900B5A0E8 /* TimeLogDetails.swift */; };
		BFE0A0252293DCED00B5A0E8 /* KeychainHelper.swift in Sources */ = {isa = PBXBuildFile; fileRef = BFE0A0242293DCED00B5A0E8 /* KeychainHelper.swift */; };
		BFE0A0272293F68400B5A0E8 /* TimeLogHistoryVM.swift in Sources */ = {isa = PBXBuildFile; fileRef = BFE0A0262293F68400B5A0E8 /* TimeLogHistoryVM.swift */; };
		BFE0A02D229414B000B5A0E8 /* TimeLogHistoryCell.swift in Sources */ = {isa = PBXBuildFile; fileRef = BFE0A02B229414B000B5A0E8 /* TimeLogHistoryCell.swift */; };
		BFE0A02E229414B000B5A0E8 /* TimeLogHistoryCell.xib in Resources */ = {isa = PBXBuildFile; fileRef = BFE0A02C229414B000B5A0E8 /* TimeLogHistoryCell.xib */; };
		BFE3EF172292910B0029DA89 /* Binding.swift in Sources */ = {isa = PBXBuildFile; fileRef = BFE3EF152292910B0029DA89 /* Binding.swift */; };
		BFE3EF182292910B0029DA89 /* BindingTextField.swift in Sources */ = {isa = PBXBuildFile; fileRef = BFE3EF162292910B0029DA89 /* BindingTextField.swift */; };
		BFE3EF1A229291480029DA89 /* LoginVM.swift in Sources */ = {isa = PBXBuildFile; fileRef = BFE3EF19229291480029DA89 /* LoginVM.swift */; };
		BFE3EF1D2292A6120029DA89 /* Reachability.swift in Sources */ = {isa = PBXBuildFile; fileRef = BFE3EF1C2292A6120029DA89 /* Reachability.swift */; };
		BFE3EF1F2292AFA40029DA89 /* SplashVC.swift in Sources */ = {isa = PBXBuildFile; fileRef = BFE3EF1E2292AFA40029DA89 /* SplashVC.swift */; };
		BFE3EF242292B0BD0029DA89 /* stopwatch.aep in Resources */ = {isa = PBXBuildFile; fileRef = BFE3EF222292B0BC0029DA89 /* stopwatch.aep */; };
		BFE3EF252292B0BD0029DA89 /* stopwatch.json in Resources */ = {isa = PBXBuildFile; fileRef = BFE3EF232292B0BC0029DA89 /* stopwatch.json */; };
		BFE3EF272292B0CC0029DA89 /* wave.json in Resources */ = {isa = PBXBuildFile; fileRef = BFE3EF262292B0CC0029DA89 /* wave.json */; };
		BFE3EF2B2292BCD10029DA89 /* UIView+Gradient.swift in Sources */ = {isa = PBXBuildFile; fileRef = BFE3EF2A2292BCD10029DA89 /* UIView+Gradient.swift */; };
		CF6825D85FB0D9A7E9A442A9 /* Pods_Timely.framework in Frameworks */ = {isa = PBXBuildFile; fileRef = 6FCF99208C2A9328624F467C /* Pods_Timely.framework */; };
/* End PBXBuildFile section */

/* Begin PBXContainerItemProxy section */
		BF085B27229567DF002BFE9E /* PBXContainerItemProxy */ = {
			isa = PBXContainerItemProxy;
			containerPortal = BF1286EE226DE2FE000DB226 /* Project object */;
			proxyType = 1;
			remoteGlobalIDString = BF1286F5226DE2FE000DB226;
			remoteInfo = Timely;
		};
/* End PBXContainerItemProxy section */

/* Begin PBXFileReference section */
		2521F61836ACAF313370B923 /* Pods-Timely.debug.xcconfig */ = {isa = PBXFileReference; includeInIndex = 1; lastKnownFileType = text.xcconfig; name = "Pods-Timely.debug.xcconfig"; path = "Pods/Target Support Files/Pods-Timely/Pods-Timely.debug.xcconfig"; sourceTree = "<group>"; };
		6FCF99208C2A9328624F467C /* Pods_Timely.framework */ = {isa = PBXFileReference; explicitFileType = wrapper.framework; includeInIndex = 0; path = Pods_Timely.framework; sourceTree = BUILT_PRODUCTS_DIR; };
		BF02516222718CC10005E0A6 /* HomeVC.swift */ = {isa = PBXFileReference; lastKnownFileType = sourcecode.swift; path = HomeVC.swift; sourceTree = "<group>"; };
		BF02516622718DA90005E0A6 /* SideMenuVC.swift */ = {isa = PBXFileReference; lastKnownFileType = sourcecode.swift; path = SideMenuVC.swift; sourceTree = "<group>"; };
		BF0251682271928D0005E0A6 /* TimelyColors.swift */ = {isa = PBXFileReference; lastKnownFileType = sourcecode.swift; path = TimelyColors.swift; sourceTree = "<group>"; };
		BF02516A2271929C0005E0A6 /* TimelyConstants.swift */ = {isa = PBXFileReference; lastKnownFileType = sourcecode.swift; path = TimelyConstants.swift; sourceTree = "<group>"; };
		BF02516C227192AB0005E0A6 /* TimelyFonts.swift */ = {isa = PBXFileReference; lastKnownFileType = sourcecode.swift; path = TimelyFonts.swift; sourceTree = "<group>"; };
		BF02516E227193EA0005E0A6 /* Timely-Bridging-Header.h */ = {isa = PBXFileReference; lastKnownFileType = sourcecode.c.h; path = "Timely-Bridging-Header.h"; sourceTree = "<group>"; };
		BF02516F227198040005E0A6 /* TimelyColorsExtension.swift */ = {isa = PBXFileReference; lastKnownFileType = sourcecode.swift; path = TimelyColorsExtension.swift; sourceTree = "<group>"; };
		BF025171227199890005E0A6 /* RightVC.swift */ = {isa = PBXFileReference; lastKnownFileType = sourcecode.swift; path = RightVC.swift; sourceTree = "<group>"; };
		BF0251742271B7D40005E0A6 /* Lato-Hairline.ttf */ = {isa = PBXFileReference; lastKnownFileType = file; path = "Lato-Hairline.ttf"; sourceTree = "<group>"; };
		BF0251752271B7D40005E0A6 /* Lato-BlackItalic.ttf */ = {isa = PBXFileReference; lastKnownFileType = file; path = "Lato-BlackItalic.ttf"; sourceTree = "<group>"; };
		BF0251762271B7D50005E0A6 /* Lato-BoldItalic.ttf */ = {isa = PBXFileReference; lastKnownFileType = file; path = "Lato-BoldItalic.ttf"; sourceTree = "<group>"; };
		BF0251772271B7D50005E0A6 /* Lato-Italic.ttf */ = {isa = PBXFileReference; lastKnownFileType = file; path = "Lato-Italic.ttf"; sourceTree = "<group>"; };
		BF0251782271B7D50005E0A6 /* Lato-Regular.ttf */ = {isa = PBXFileReference; lastKnownFileType = file; path = "Lato-Regular.ttf"; sourceTree = "<group>"; };
		BF0251792271B7D50005E0A6 /* Lato-Bold.ttf */ = {isa = PBXFileReference; lastKnownFileType = file; path = "Lato-Bold.ttf"; sourceTree = "<group>"; };
		BF02517A2271B7D50005E0A6 /* Lato-HairlineItalic.ttf */ = {isa = PBXFileReference; lastKnownFileType = file; path = "Lato-HairlineItalic.ttf"; sourceTree = "<group>"; };
		BF02517B2271B7D50005E0A6 /* Lato-Light.ttf */ = {isa = PBXFileReference; lastKnownFileType = file; path = "Lato-Light.ttf"; sourceTree = "<group>"; };
		BF02517C2271B7D50005E0A6 /* Lato-LightItalic.ttf */ = {isa = PBXFileReference; lastKnownFileType = file; path = "Lato-LightItalic.ttf"; sourceTree = "<group>"; };
		BF02517D2271B7D50005E0A6 /* Lato-Black.ttf */ = {isa = PBXFileReference; lastKnownFileType = file; path = "Lato-Black.ttf"; sourceTree = "<group>"; };
		BF02518A2271CC6C0005E0A6 /* XYMarkerView.swift */ = {isa = PBXFileReference; fileEncoding = 4; lastKnownFileType = sourcecode.swift; name = XYMarkerView.swift; path = ../XYMarkerView.swift; sourceTree = "<group>"; };
		BF02518B2271CC6C0005E0A6 /* RadarMarkerView.swift */ = {isa = PBXFileReference; fileEncoding = 4; lastKnownFileType = sourcecode.swift; name = RadarMarkerView.swift; path = ../RadarMarkerView.swift; sourceTree = "<group>"; };
		BF02518C2271CC6C0005E0A6 /* BalloonMarker.swift */ = {isa = PBXFileReference; fileEncoding = 4; lastKnownFileType = sourcecode.swift; name = BalloonMarker.swift; path = ../BalloonMarker.swift; sourceTree = "<group>"; };
		BF0251902271CCB20005E0A6 /* DateValueFormatter.swift */ = {isa = PBXFileReference; fileEncoding = 4; lastKnownFileType = sourcecode.swift; name = DateValueFormatter.swift; path = ../DateValueFormatter.swift; sourceTree = "<group>"; };
		BF0251912271CCB20005E0A6 /* IntAxisValueFormatter.swift */ = {isa = PBXFileReference; fileEncoding = 4; lastKnownFileType = sourcecode.swift; name = IntAxisValueFormatter.swift; path = ../IntAxisValueFormatter.swift; sourceTree = "<group>"; };
		BF0251922271CCB20005E0A6 /* DayAxisValueFormatter.swift */ = {isa = PBXFileReference; fileEncoding = 4; lastKnownFileType = sourcecode.swift; name = DayAxisValueFormatter.swift; path = ../DayAxisValueFormatter.swift; sourceTree = "<group>"; };
		BF0251932271CCB20005E0A6 /* LargeValueFormatter.swift */ = {isa = PBXFileReference; fileEncoding = 4; lastKnownFileType = sourcecode.swift; name = LargeValueFormatter.swift; path = ../LargeValueFormatter.swift; sourceTree = "<group>"; };
		BF02519A2276FE190005E0A6 /* ColoredImageView.swift */ = {isa = PBXFileReference; lastKnownFileType = sourcecode.swift; path = ColoredImageView.swift; sourceTree = "<group>"; };
		BF085B22229567DF002BFE9E /* TimelyTests.xctest */ = {isa = PBXFileReference; explicitFileType = wrapper.cfbundle; includeInIndex = 0; path = TimelyTests.xctest; sourceTree = BUILT_PRODUCTS_DIR; };
		BF085B24229567DF002BFE9E /* TimelyTests.swift */ = {isa = PBXFileReference; lastKnownFileType = sourcecode.swift; path = TimelyTests.swift; sourceTree = "<group>"; };
		BF085B26229567DF002BFE9E /* Info.plist */ = {isa = PBXFileReference; lastKnownFileType = text.plist.xml; path = Info.plist; sourceTree = "<group>"; };
		BF085B2C2295682D002BFE9E /* LoginTests.swift */ = {isa = PBXFileReference; lastKnownFileType = sourcecode.swift; path = LoginTests.swift; sourceTree = "<group>"; };
		BF0E32C722781BA2003C0B8B /* InOutCell.swift */ = {isa = PBXFileReference; lastKnownFileType = sourcecode.swift; path = InOutCell.swift; sourceTree = "<group>"; };
		BF0E32C822781BA2003C0B8B /* InOutCell.xib */ = {isa = PBXFileReference; lastKnownFileType = file.xib; path = InOutCell.xib; sourceTree = "<group>"; };
		BF0E32CB227823F8003C0B8B /* InOutCollectionCell.swift */ = {isa = PBXFileReference; lastKnownFileType = sourcecode.swift; path = InOutCollectionCell.swift; sourceTree = "<group>"; };
		BF0E32CC227823F8003C0B8B /* InOutCollectionCell.xib */ = {isa = PBXFileReference; lastKnownFileType = file.xib; path = InOutCollectionCell.xib; sourceTree = "<group>"; };
		BF0E32D2227857AF003C0B8B /* TimelyArrayExtensions.swift */ = {isa = PBXFileReference; lastKnownFileType = sourcecode.swift; path = TimelyArrayExtensions.swift; sourceTree = "<group>"; };
		BF1286F6226DE2FE000DB226 /* Timely.app */ = {isa = PBXFileReference; explicitFileType = wrapper.application; includeInIndex = 0; path = Timely.app; sourceTree = BUILT_PRODUCTS_DIR; };
		BF1286F9226DE2FE000DB226 /* AppDelegate.swift */ = {isa = PBXFileReference; lastKnownFileType = sourcecode.swift; path = AppDelegate.swift; sourceTree = "<group>"; };
		BF1286FB226DE2FE000DB226 /* ViewController.swift */ = {isa = PBXFileReference; lastKnownFileType = sourcecode.swift; path = ViewController.swift; sourceTree = "<group>"; };
		BF1286FE226DE2FE000DB226 /* Base */ = {isa = PBXFileReference; lastKnownFileType = file.storyboard; name = Base; path = Base.lproj/Main.storyboard; sourceTree = "<group>"; };
		BF128700226DE300000DB226 /* Assets.xcassets */ = {isa = PBXFileReference; lastKnownFileType = folder.assetcatalog; path = Assets.xcassets; sourceTree = "<group>"; };
		BF128703226DE300000DB226 /* Base */ = {isa = PBXFileReference; lastKnownFileType = file.storyboard; name = Base; path = Base.lproj/LaunchScreen.storyboard; sourceTree = "<group>"; };
		BF128705226DE300000DB226 /* Info.plist */ = {isa = PBXFileReference; lastKnownFileType = text.plist.xml; path = Info.plist; sourceTree = "<group>"; };
		BF128711226ED8F2000DB226 /* RoundedButton.swift */ = {isa = PBXFileReference; fileEncoding = 4; lastKnownFileType = sourcecode.swift; path = RoundedButton.swift; sourceTree = "<group>"; };
		BF128713226ED8FB000DB226 /* DesignableTextField.swift */ = {isa = PBXFileReference; fileEncoding = 4; lastKnownFileType = sourcecode.swift; path = DesignableTextField.swift; sourceTree = "<group>"; };
		BF128715226ED90E000DB226 /* PlaceholderIcon.swift */ = {isa = PBXFileReference; fileEncoding = 4; lastKnownFileType = sourcecode.swift; path = PlaceholderIcon.swift; sourceTree = "<group>"; };
		BF128717226ED913000DB226 /* HRToast+UIView.swift */ = {isa = PBXFileReference; fileEncoding = 4; lastKnownFileType = sourcecode.swift; path = "HRToast+UIView.swift"; sourceTree = "<group>"; };
		BF12871B226EDAFD000DB226 /* FontAwesome.otf */ = {isa = PBXFileReference; lastKnownFileType = file; path = FontAwesome.otf; sourceTree = "<group>"; };
		BF12871C226EDAFD000DB226 /* fa-brands-400.ttf */ = {isa = PBXFileReference; lastKnownFileType = file; path = "fa-brands-400.ttf"; sourceTree = "<group>"; };
		BF12871D226EDAFD000DB226 /* fa-solid-900.ttf */ = {isa = PBXFileReference; lastKnownFileType = file; path = "fa-solid-900.ttf"; sourceTree = "<group>"; };
		BF12871E226EDAFD000DB226 /* fa-regular-400.ttf */ = {isa = PBXFileReference; lastKnownFileType = file; path = "fa-regular-400.ttf"; sourceTree = "<group>"; };
		BF128724226EDFCF000DB226 /* RoundedView.swift */ = {isa = PBXFileReference; lastKnownFileType = sourcecode.swift; path = RoundedView.swift; sourceTree = "<group>"; };
		BF128727226EE8B5000DB226 /* AuthenticationVC.swift */ = {isa = PBXFileReference; lastKnownFileType = sourcecode.swift; path = AuthenticationVC.swift; sourceTree = "<group>"; };
		BF12872C22717D8F000DB226 /* UIViewController+LGSideMenuController.h */ = {isa = PBXFileReference; fileEncoding = 4; lastKnownFileType = sourcecode.c.h; path = "UIViewController+LGSideMenuController.h"; sourceTree = "<group>"; };
		BF12872D22717D8F000DB226 /* LGSideMenuView.m */ = {isa = PBXFileReference; fileEncoding = 4; lastKnownFileType = sourcecode.c.objc; path = LGSideMenuView.m; sourceTree = "<group>"; };
		BF12872E22717D8F000DB226 /* LGSideMenuView.h */ = {isa = PBXFileReference; fileEncoding = 4; lastKnownFileType = sourcecode.c.h; path = LGSideMenuView.h; sourceTree = "<group>"; };
		BF12872F22717D8F000DB226 /* LGSideMenuBorderView.m */ = {isa = PBXFileReference; fileEncoding = 4; lastKnownFileType = sourcecode.c.objc; path = LGSideMenuBorderView.m; sourceTree = "<group>"; };
		BF12873022717D8F000DB226 /* LGSideMenuController.h */ = {isa = PBXFileReference; fileEncoding = 4; lastKnownFileType = sourcecode.c.h; path = LGSideMenuController.h; sourceTree = "<group>"; };
		BF12873122717D8F000DB226 /* LGSideMenuController.m */ = {isa = PBXFileReference; fileEncoding = 4; lastKnownFileType = sourcecode.c.objc; path = LGSideMenuController.m; sourceTree = "<group>"; };
		BF12873222717D90000DB226 /* LGSideMenuGesturesHandler.m */ = {isa = PBXFileReference; fileEncoding = 4; lastKnownFileType = sourcecode.c.objc; path = LGSideMenuGesturesHandler.m; sourceTree = "<group>"; };
		BF12873322717D90000DB226 /* LGSideMenuGesturesHandler.h */ = {isa = PBXFileReference; fileEncoding = 4; lastKnownFileType = sourcecode.c.h; path = LGSideMenuGesturesHandler.h; sourceTree = "<group>"; };
		BF12873422717D90000DB226 /* LGSideMenuHelper.h */ = {isa = PBXFileReference; fileEncoding = 4; lastKnownFileType = sourcecode.c.h; path = LGSideMenuHelper.h; sourceTree = "<group>"; };
		BF12873522717D90000DB226 /* UIViewController+LGSideMenuController.m */ = {isa = PBXFileReference; fileEncoding = 4; lastKnownFileType = sourcecode.c.objc; path = "UIViewController+LGSideMenuController.m"; sourceTree = "<group>"; };
		BF12873622717D90000DB226 /* LGSideMenuSegue.m */ = {isa = PBXFileReference; fileEncoding = 4; lastKnownFileType = sourcecode.c.objc; path = LGSideMenuSegue.m; sourceTree = "<group>"; };
		BF12873722717D90000DB226 /* LGSideMenuBorderView.h */ = {isa = PBXFileReference; fileEncoding = 4; lastKnownFileType = sourcecode.c.h; path = LGSideMenuBorderView.h; sourceTree = "<group>"; };
		BF12873822717D90000DB226 /* LGSideMenuHelper.m */ = {isa = PBXFileReference; fileEncoding = 4; lastKnownFileType = sourcecode.c.objc; path = LGSideMenuHelper.m; sourceTree = "<group>"; };
		BF12873922717D90000DB226 /* LGSideMenuSegue.h */ = {isa = PBXFileReference; fileEncoding = 4; lastKnownFileType = sourcecode.c.h; path = LGSideMenuSegue.h; sourceTree = "<group>"; };
		BF1287412271828E000DB226 /* MainVC.swift */ = {isa = PBXFileReference; lastKnownFileType = sourcecode.swift; path = MainVC.swift; sourceTree = "<group>"; };
		BF39E08F228EB97800881626 /* User.swift */ = {isa = PBXFileReference; lastKnownFileType = sourcecode.swift; path = User.swift; sourceTree = "<group>"; };
		BF39E092228EBDDE00881626 /* LoginService.swift */ = {isa = PBXFileReference; lastKnownFileType = sourcecode.swift; path = LoginService.swift; sourceTree = "<group>"; };
		BF39E094228ECD6200881626 /* ResponseEnums.swift */ = {isa = PBXFileReference; lastKnownFileType = sourcecode.swift; path = ResponseEnums.swift; sourceTree = "<group>"; };
		BF39E096228ED02000881626 /* TimelyUrls.swift */ = {isa = PBXFileReference; lastKnownFileType = sourcecode.swift; path = TimelyUrls.swift; sourceTree = "<group>"; };
		BF5E9AB6229675ED0080B093 /* person_out.svg */ = {isa = PBXFileReference; fileEncoding = 4; lastKnownFileType = text.xml; path = person_out.svg; sourceTree = "<group>"; };
		BF5E9AB7229675ED0080B093 /* person_in.svg */ = {isa = PBXFileReference; fileEncoding = 4; lastKnownFileType = text.xml; path = person_in.svg; sourceTree = "<group>"; };
		BF5E9ABA22967C9D0080B093 /* TimelyColorsUtility.swift */ = {isa = PBXFileReference; lastKnownFileType = sourcecode.swift; path = TimelyColorsUtility.swift; sourceTree = "<group>"; };
		BF787A99229BDD8700705819 /* NavigationDropdownMenu.swift */ = {isa = PBXFileReference; lastKnownFileType = sourcecode.swift; path = NavigationDropdownMenu.swift; sourceTree = "<group>"; };
		BF787A9F229BE23B00705819 /* StickyHeaderView.swift */ = {isa = PBXFileReference; fileEncoding = 4; lastKnownFileType = sourcecode.swift; path = StickyHeaderView.swift; sourceTree = "<group>"; };
		BF787AA0229BE23C00705819 /* HeaderShadowView.swift */ = {isa = PBXFileReference; fileEncoding = 4; lastKnownFileType = sourcecode.swift; path = HeaderShadowView.swift; sourceTree = "<group>"; };
		BF787AA3229BE24300705819 /* UIEdgeInsets+Equatable.swift */ = {isa = PBXFileReference; fileEncoding = 4; lastKnownFileType = sourcecode.swift; path = "UIEdgeInsets+Equatable.swift"; sourceTree = "<group>"; };
		BF787AA4229BE24400705819 /* UIScrollView+Extension.swift */ = {isa = PBXFileReference; fileEncoding = 4; lastKnownFileType = sourcecode.swift; path = "UIScrollView+Extension.swift"; sourceTree = "<group>"; };
		BF787AA7229BE24C00705819 /* MenuCell.swift */ = {isa = PBXFileReference; fileEncoding = 4; lastKnownFileType = sourcecode.swift; path = MenuCell.swift; sourceTree = "<group>"; };
		BF787AA8229BE24C00705819 /* MenuViewDelegate.swift */ = {isa = PBXFileReference; fileEncoding = 4; lastKnownFileType = sourcecode.swift; path = MenuViewDelegate.swift; sourceTree = "<group>"; };
		BF787AA9229BE24C00705819 /* MenuView.swift */ = {isa = PBXFileReference; fileEncoding = 4; lastKnownFileType = sourcecode.swift; path = MenuView.swift; sourceTree = "<group>"; };
		BF787AAA229BE24C00705819 /* MenuItem.swift */ = {isa = PBXFileReference; fileEncoding = 4; lastKnownFileType = sourcecode.swift; path = MenuItem.swift; sourceTree = "<group>"; };
		BF787AB1229C017800705819 /* TimelyDateExtensions.swift */ = {isa = PBXFileReference; lastKnownFileType = sourcecode.swift; path = TimelyDateExtensions.swift; sourceTree = "<group>"; };
		BF854302229BBBE500960B4D /* DGElasticPullToRefreshLoadingViewCircle.swift */ = {isa = PBXFileReference; fileEncoding = 4; lastKnownFileType = sourcecode.swift; path = DGElasticPullToRefreshLoadingViewCircle.swift; sourceTree = "<group>"; };
		BF854303229BBBE500960B4D /* DGElasticPullToRefreshLoadingView.swift */ = {isa = PBXFileReference; fileEncoding = 4; lastKnownFileType = sourcecode.swift; path = DGElasticPullToRefreshLoadingView.swift; sourceTree = "<group>"; };
		BF854304229BBBE500960B4D /* DGElasticPullToRefreshExtensions.swift */ = {isa = PBXFileReference; fileEncoding = 4; lastKnownFileType = sourcecode.swift; path = DGElasticPullToRefreshExtensions.swift; sourceTree = "<group>"; };
		BF854305229BBBE500960B4D /* DGElasticPullToRefreshConstants.swift */ = {isa = PBXFileReference; fileEncoding = 4; lastKnownFileType = sourcecode.swift; path = DGElasticPullToRefreshConstants.swift; sourceTree = "<group>"; };
		BF854306229BBBE600960B4D /* DGElasticPullToRefreshView.swift */ = {isa = PBXFileReference; fileEncoding = 4; lastKnownFileType = sourcecode.swift; path = DGElasticPullToRefreshView.swift; sourceTree = "<group>"; };
		BFE0A01D2293C7BB00B5A0E8 /* TimeLogHistoryVC.swift */ = {isa = PBXFileReference; lastKnownFileType = sourcecode.swift; path = TimeLogHistoryVC.swift; sourceTree = "<group>"; };
		BFE0A01F2293CB5300B5A0E8 /* TimeLogService.swift */ = {isa = PBXFileReference; lastKnownFileType = sourcecode.swift; path = TimeLogService.swift; sourceTree = "<group>"; };
		BFE0A0212293CC8900B5A0E8 /* TimeLogDetails.swift */ = {isa = PBXFileReference; lastKnownFileType = sourcecode.swift; path = TimeLogDetails.swift; sourceTree = "<group>"; };
		BFE0A0242293DCED00B5A0E8 /* KeychainHelper.swift */ = {isa = PBXFileReference; lastKnownFileType = sourcecode.swift; path = KeychainHelper.swift; sourceTree = "<group>"; };
		BFE0A0262293F68400B5A0E8 /* TimeLogHistoryVM.swift */ = {isa = PBXFileReference; lastKnownFileType = sourcecode.swift; path = TimeLogHistoryVM.swift; sourceTree = "<group>"; };
		BFE0A02B229414B000B5A0E8 /* TimeLogHistoryCell.swift */ = {isa = PBXFileReference; lastKnownFileType = sourcecode.swift; path = TimeLogHistoryCell.swift; sourceTree = "<group>"; };
		BFE0A02C229414B000B5A0E8 /* TimeLogHistoryCell.xib */ = {isa = PBXFileReference; lastKnownFileType = file.xib; path = TimeLogHistoryCell.xib; sourceTree = "<group>"; };
		BFE3EF152292910B0029DA89 /* Binding.swift */ = {isa = PBXFileReference; fileEncoding = 4; lastKnownFileType = sourcecode.swift; path = Binding.swift; sourceTree = "<group>"; };
		BFE3EF162292910B0029DA89 /* BindingTextField.swift */ = {isa = PBXFileReference; fileEncoding = 4; lastKnownFileType = sourcecode.swift; path = BindingTextField.swift; sourceTree = "<group>"; };
		BFE3EF19229291480029DA89 /* LoginVM.swift */ = {isa = PBXFileReference; lastKnownFileType = sourcecode.swift; path = LoginVM.swift; sourceTree = "<group>"; };
		BFE3EF1C2292A6120029DA89 /* Reachability.swift */ = {isa = PBXFileReference; fileEncoding = 4; lastKnownFileType = sourcecode.swift; path = Reachability.swift; sourceTree = "<group>"; };
		BFE3EF1E2292AFA40029DA89 /* SplashVC.swift */ = {isa = PBXFileReference; lastKnownFileType = sourcecode.swift; path = SplashVC.swift; sourceTree = "<group>"; };
		BFE3EF222292B0BC0029DA89 /* stopwatch.aep */ = {isa = PBXFileReference; lastKnownFileType = file; path = stopwatch.aep; sourceTree = "<group>"; };
		BFE3EF232292B0BC0029DA89 /* stopwatch.json */ = {isa = PBXFileReference; fileEncoding = 4; lastKnownFileType = text.json; path = stopwatch.json; sourceTree = "<group>"; };
		BFE3EF262292B0CC0029DA89 /* wave.json */ = {isa = PBXFileReference; fileEncoding = 4; lastKnownFileType = text.json; path = wave.json; sourceTree = "<group>"; };
		BFE3EF2A2292BCD10029DA89 /* UIView+Gradient.swift */ = {isa = PBXFileReference; fileEncoding = 4; lastKnownFileType = sourcecode.swift; path = "UIView+Gradient.swift"; sourceTree = "<group>"; };
		F01F6EC1C06B8A93CAEB3494 /* Pods-Timely.release.xcconfig */ = {isa = PBXFileReference; includeInIndex = 1; lastKnownFileType = text.xcconfig; name = "Pods-Timely.release.xcconfig"; path = "Pods/Target Support Files/Pods-Timely/Pods-Timely.release.xcconfig"; sourceTree = "<group>"; };
/* End PBXFileReference section */

/* Begin PBXFrameworksBuildPhase section */
		BF085B1F229567DF002BFE9E /* Frameworks */ = {
			isa = PBXFrameworksBuildPhase;
			buildActionMask = 2147483647;
			files = (
			);
			runOnlyForDeploymentPostprocessing = 0;
		};
		BF1286F3226DE2FE000DB226 /* Frameworks */ = {
			isa = PBXFrameworksBuildPhase;
			buildActionMask = 2147483647;
			files = (
				CF6825D85FB0D9A7E9A442A9 /* Pods_Timely.framework in Frameworks */,
			);
			runOnlyForDeploymentPostprocessing = 0;
		};
/* End PBXFrameworksBuildPhase section */

/* Begin PBXGroup section */
		BF0251732271B7C60005E0A6 /* Lato */ = {
			isa = PBXGroup;
			children = (
				BF02517D2271B7D50005E0A6 /* Lato-Black.ttf */,
				BF0251752271B7D40005E0A6 /* Lato-BlackItalic.ttf */,
				BF0251792271B7D50005E0A6 /* Lato-Bold.ttf */,
				BF0251762271B7D50005E0A6 /* Lato-BoldItalic.ttf */,
				BF0251742271B7D40005E0A6 /* Lato-Hairline.ttf */,
				BF02517A2271B7D50005E0A6 /* Lato-HairlineItalic.ttf */,
				BF0251772271B7D50005E0A6 /* Lato-Italic.ttf */,
				BF02517B2271B7D50005E0A6 /* Lato-Light.ttf */,
				BF02517C2271B7D50005E0A6 /* Lato-LightItalic.ttf */,
				BF0251782271B7D50005E0A6 /* Lato-Regular.ttf */,
			);
			path = Lato;
			sourceTree = "<group>";
		};
		BF0251992271CCE50005E0A6 /* New Group */ = {
			isa = PBXGroup;
			children = (
				BF0251902271CCB20005E0A6 /* DateValueFormatter.swift */,
				BF0251922271CCB20005E0A6 /* DayAxisValueFormatter.swift */,
				BF0251912271CCB20005E0A6 /* IntAxisValueFormatter.swift */,
				BF0251932271CCB20005E0A6 /* LargeValueFormatter.swift */,
				BF02518C2271CC6C0005E0A6 /* BalloonMarker.swift */,
				BF02518B2271CC6C0005E0A6 /* RadarMarkerView.swift */,
				BF02518A2271CC6C0005E0A6 /* XYMarkerView.swift */,
			);
			path = "New Group";
			sourceTree = "<group>";
		};
		BF085B23229567DF002BFE9E /* TimelyTests */ = {
			isa = PBXGroup;
			children = (
				BF085B24229567DF002BFE9E /* TimelyTests.swift */,
				BF085B26229567DF002BFE9E /* Info.plist */,
				BF085B2C2295682D002BFE9E /* LoginTests.swift */,
			);
			path = TimelyTests;
			sourceTree = "<group>";
		};
		BF0E32C6227817E7003C0B8B /* InOutCell */ = {
			isa = PBXGroup;
			children = (
				BF0E32C722781BA2003C0B8B /* InOutCell.swift */,
				BF0E32C822781BA2003C0B8B /* InOutCell.xib */,
				BF0E32CB227823F8003C0B8B /* InOutCollectionCell.swift */,
				BF0E32CC227823F8003C0B8B /* InOutCollectionCell.xib */,
			);
			path = InOutCell;
			sourceTree = "<group>";
		};
		BF1286ED226DE2FE000DB226 = {
			isa = PBXGroup;
			children = (
				BF1286F8226DE2FE000DB226 /* Timely */,
				BF085B23229567DF002BFE9E /* TimelyTests */,
				BF1286F7226DE2FE000DB226 /* Products */,
				C6494A0865D37AC60CB5256E /* Pods */,
				E8197BD881125B65BB5FDD71 /* Frameworks */,
			);
			sourceTree = "<group>";
		};
		BF1286F7226DE2FE000DB226 /* Products */ = {
			isa = PBXGroup;
			children = (
				BF1286F6226DE2FE000DB226 /* Timely.app */,
				BF085B22229567DF002BFE9E /* TimelyTests.xctest */,
			);
			name = Products;
			sourceTree = "<group>";
		};
		BF1286F8226DE2FE000DB226 /* Timely */ = {
			isa = PBXGroup;
			children = (
				BFE0A0232293DCD600B5A0E8 /* Utility */,
				BFE3EF1B2292A6070029DA89 /* Reachability */,
				BF39E091228EBDC900881626 /* Services */,
				BF12872922717D6A000DB226 /* Custom */,
				BF12870C226ED8B3000DB226 /* ExtensionsAndProtocols */,
				BF12870D226ED8C1000DB226 /* Models */,
				BF12870E226ED8CA000DB226 /* ViewModels */,
				BF128719226EDAEB000DB226 /* Assets */,
				BF128726226EE81E000DB226 /* Storyboards */,
				BF128710226ED8DA000DB226 /* ViewControllers */,
				BF12870F226ED8D1000DB226 /* Common */,
				BF12870B226ED8A9000DB226 /* Constants */,
				BF1286FB226DE2FE000DB226 /* ViewController.swift */,
				BF128702226DE300000DB226 /* LaunchScreen.storyboard */,
			);
			path = Timely;
			sourceTree = "<group>";
		};
		BF12870B226ED8A9000DB226 /* Constants */ = {
			isa = PBXGroup;
			children = (
				BF0251682271928D0005E0A6 /* TimelyColors.swift */,
				BF02516A2271929C0005E0A6 /* TimelyConstants.swift */,
				BF02516C227192AB0005E0A6 /* TimelyFonts.swift */,
				BF39E096228ED02000881626 /* TimelyUrls.swift */,
			);
			path = Constants;
			sourceTree = "<group>";
		};
		BF12870C226ED8B3000DB226 /* ExtensionsAndProtocols */ = {
			isa = PBXGroup;
			children = (
				BFE3EF2A2292BCD10029DA89 /* UIView+Gradient.swift */,
				BF128717226ED913000DB226 /* HRToast+UIView.swift */,
				BF128715226ED90E000DB226 /* PlaceholderIcon.swift */,
				BF128713226ED8FB000DB226 /* DesignableTextField.swift */,
				BF128711226ED8F2000DB226 /* RoundedButton.swift */,
				BF128724226EDFCF000DB226 /* RoundedView.swift */,
				BF02516F227198040005E0A6 /* TimelyColorsExtension.swift */,
				BF02519A2276FE190005E0A6 /* ColoredImageView.swift */,
				BF0E32D2227857AF003C0B8B /* TimelyArrayExtensions.swift */,
				BF787AB1229C017800705819 /* TimelyDateExtensions.swift */,
			);
			path = ExtensionsAndProtocols;
			sourceTree = "<group>";
		};
		BF12870D226ED8C1000DB226 /* Models */ = {
			isa = PBXGroup;
			children = (
				BF39E08F228EB97800881626 /* User.swift */,
				BFE0A0212293CC8900B5A0E8 /* TimeLogDetails.swift */,
			);
			path = Models;
			sourceTree = "<group>";
		};
		BF12870E226ED8CA000DB226 /* ViewModels */ = {
			isa = PBXGroup;
			children = (
				BFE3EF14229290FD0029DA89 /* Binding */,
				BFE3EF19229291480029DA89 /* LoginVM.swift */,
				BFE0A0262293F68400B5A0E8 /* TimeLogHistoryVM.swift */,
			);
			path = ViewModels;
			sourceTree = "<group>";
		};
		BF12870F226ED8D1000DB226 /* Common */ = {
			isa = PBXGroup;
			children = (
				BF02516E227193EA0005E0A6 /* Timely-Bridging-Header.h */,
				BF1286F9226DE2FE000DB226 /* AppDelegate.swift */,
				BF128705226DE300000DB226 /* Info.plist */,
			);
			path = Common;
			sourceTree = "<group>";
		};
		BF128710226ED8DA000DB226 /* ViewControllers */ = {
			isa = PBXGroup;
			children = (
				BF128727226EE8B5000DB226 /* AuthenticationVC.swift */,
				BF1287412271828E000DB226 /* MainVC.swift */,
				BF02516222718CC10005E0A6 /* HomeVC.swift */,
				BF02516622718DA90005E0A6 /* SideMenuVC.swift */,
				BF025171227199890005E0A6 /* RightVC.swift */,
				BFE3EF1E2292AFA40029DA89 /* SplashVC.swift */,
				BFE0A01D2293C7BB00B5A0E8 /* TimeLogHistoryVC.swift */,
			);
			path = ViewControllers;
			sourceTree = "<group>";
		};
		BF128719226EDAEB000DB226 /* Assets */ = {
			isa = PBXGroup;
			children = (
				BF5E9AB5229675A20080B093 /* SVG */,
				BFE3EF202292B09E0029DA89 /* Lottie */,
				BF128700226DE300000DB226 /* Assets.xcassets */,
				BF12871A226EDAF3000DB226 /* Fonts */,
			);
			path = Assets;
			sourceTree = "<group>";
		};
		BF12871A226EDAF3000DB226 /* Fonts */ = {
			isa = PBXGroup;
			children = (
				BF0251732271B7C60005E0A6 /* Lato */,
				BF12871F226EDAFF000DB226 /* Font-Awesome */,
			);
			path = Fonts;
			sourceTree = "<group>";
		};
		BF12871F226EDAFF000DB226 /* Font-Awesome */ = {
			isa = PBXGroup;
			children = (
				BF12871C226EDAFD000DB226 /* fa-brands-400.ttf */,
				BF12871E226EDAFD000DB226 /* fa-regular-400.ttf */,
				BF12871D226EDAFD000DB226 /* fa-solid-900.ttf */,
				BF12871B226EDAFD000DB226 /* FontAwesome.otf */,
			);
			path = "Font-Awesome";
			sourceTree = "<group>";
		};
		BF128726226EE81E000DB226 /* Storyboards */ = {
			isa = PBXGroup;
			children = (
				BF1286FD226DE2FE000DB226 /* Main.storyboard */,
			);
			path = Storyboards;
			sourceTree = "<group>";
		};
		BF12872922717D6A000DB226 /* Custom */ = {
			isa = PBXGroup;
			children = (
				BF787A9B229BE21600705819 /* Persei */,
				BF787A98229BDD4200705819 /* NavigationDropdownMenu */,
				BF854301229BBBDA00960B4D /* DGElasticPullToRefresh */,
				BFE0A02A2294148100B5A0E8 /* TimeLogHistoryCell */,
				BF0E32C6227817E7003C0B8B /* InOutCell */,
				BF0251992271CCE50005E0A6 /* New Group */,
				BF12872A22717D81000DB226 /* LGSideMenuController */,
			);
			path = Custom;
			sourceTree = "<group>";
		};
		BF12872A22717D81000DB226 /* LGSideMenuController */ = {
			isa = PBXGroup;
			children = (
				BF12873722717D90000DB226 /* LGSideMenuBorderView.h */,
				BF12872F22717D8F000DB226 /* LGSideMenuBorderView.m */,
				BF12873022717D8F000DB226 /* LGSideMenuController.h */,
				BF12873122717D8F000DB226 /* LGSideMenuController.m */,
				BF12873322717D90000DB226 /* LGSideMenuGesturesHandler.h */,
				BF12873222717D90000DB226 /* LGSideMenuGesturesHandler.m */,
				BF12873422717D90000DB226 /* LGSideMenuHelper.h */,
				BF12873822717D90000DB226 /* LGSideMenuHelper.m */,
				BF12873922717D90000DB226 /* LGSideMenuSegue.h */,
				BF12873622717D90000DB226 /* LGSideMenuSegue.m */,
				BF12872E22717D8F000DB226 /* LGSideMenuView.h */,
				BF12872D22717D8F000DB226 /* LGSideMenuView.m */,
				BF12872C22717D8F000DB226 /* UIViewController+LGSideMenuController.h */,
				BF12873522717D90000DB226 /* UIViewController+LGSideMenuController.m */,
			);
			path = LGSideMenuController;
			sourceTree = "<group>";
		};
		BF39E091228EBDC900881626 /* Services */ = {
			isa = PBXGroup;
			children = (
				BF39E094228ECD6200881626 /* ResponseEnums.swift */,
				BF39E092228EBDDE00881626 /* LoginService.swift */,
				BFE0A01F2293CB5300B5A0E8 /* TimeLogService.swift */,
			);
			path = Services;
			sourceTree = "<group>";
		};
		BF5E9AB5229675A20080B093 /* SVG */ = {
			isa = PBXGroup;
			children = (
				BF5E9AB7229675ED0080B093 /* person_in.svg */,
				BF5E9AB6229675ED0080B093 /* person_out.svg */,
			);
			path = SVG;
			sourceTree = "<group>";
		};
		BF787A98229BDD4200705819 /* NavigationDropdownMenu */ = {
			isa = PBXGroup;
			children = (
				BF787A99229BDD8700705819 /* NavigationDropdownMenu.swift */,
			);
			path = NavigationDropdownMenu;
			sourceTree = "<group>";
		};
		BF787A9B229BE21600705819 /* Persei */ = {
			isa = PBXGroup;
			children = (
				BF787A9E229BE23200705819 /* Menu */,
				BF787A9D229BE22900705819 /* Extension */,
				BF787A9C229BE22400705819 /* Core */,
			);
			path = Persei;
			sourceTree = "<group>";
		};
		BF787A9C229BE22400705819 /* Core */ = {
			isa = PBXGroup;
			children = (
				BF787AA0229BE23C00705819 /* HeaderShadowView.swift */,
				BF787A9F229BE23B00705819 /* StickyHeaderView.swift */,
			);
			path = Core;
			sourceTree = "<group>";
		};
		BF787A9D229BE22900705819 /* Extension */ = {
			isa = PBXGroup;
			children = (
				BF787AA3229BE24300705819 /* UIEdgeInsets+Equatable.swift */,
				BF787AA4229BE24400705819 /* UIScrollView+Extension.swift */,
			);
			path = Extension;
			sourceTree = "<group>";
		};
		BF787A9E229BE23200705819 /* Menu */ = {
			isa = PBXGroup;
			children = (
				BF787AA7229BE24C00705819 /* MenuCell.swift */,
				BF787AAA229BE24C00705819 /* MenuItem.swift */,
				BF787AA9229BE24C00705819 /* MenuView.swift */,
				BF787AA8229BE24C00705819 /* MenuViewDelegate.swift */,
			);
			path = Menu;
			sourceTree = "<group>";
		};
		BF854301229BBBDA00960B4D /* DGElasticPullToRefresh */ = {
			isa = PBXGroup;
			children = (
				BF854305229BBBE500960B4D /* DGElasticPullToRefreshConstants.swift */,
				BF854304229BBBE500960B4D /* DGElasticPullToRefreshExtensions.swift */,
				BF854303229BBBE500960B4D /* DGElasticPullToRefreshLoadingView.swift */,
				BF854302229BBBE500960B4D /* DGElasticPullToRefreshLoadingViewCircle.swift */,
				BF854306229BBBE600960B4D /* DGElasticPullToRefreshView.swift */,
			);
			path = DGElasticPullToRefresh;
			sourceTree = "<group>";
		};
		BFE0A0232293DCD600B5A0E8 /* Utility */ = {
			isa = PBXGroup;
			children = (
				BFE0A0242293DCED00B5A0E8 /* KeychainHelper.swift */,
				BF5E9ABA22967C9D0080B093 /* TimelyColorsUtility.swift */,
			);
			path = Utility;
			sourceTree = "<group>";
		};
		BFE0A02A2294148100B5A0E8 /* TimeLogHistoryCell */ = {
			isa = PBXGroup;
			children = (
				BFE0A02B229414B000B5A0E8 /* TimeLogHistoryCell.swift */,
				BFE0A02C229414B000B5A0E8 /* TimeLogHistoryCell.xib */,
			);
			path = TimeLogHistoryCell;
			sourceTree = "<group>";
		};
		BFE3EF14229290FD0029DA89 /* Binding */ = {
			isa = PBXGroup;
			children = (
				BFE3EF152292910B0029DA89 /* Binding.swift */,
				BFE3EF162292910B0029DA89 /* BindingTextField.swift */,
			);
			path = Binding;
			sourceTree = "<group>";
		};
		BFE3EF1B2292A6070029DA89 /* Reachability */ = {
			isa = PBXGroup;
			children = (
				BFE3EF1C2292A6120029DA89 /* Reachability.swift */,
			);
			path = Reachability;
			sourceTree = "<group>";
		};
		BFE3EF202292B09E0029DA89 /* Lottie */ = {
			isa = PBXGroup;
			children = (
				BFE3EF212292B0B40029DA89 /* Splash */,
			);
			path = Lottie;
			sourceTree = "<group>";
		};
		BFE3EF212292B0B40029DA89 /* Splash */ = {
			isa = PBXGroup;
			children = (
				BFE3EF262292B0CC0029DA89 /* wave.json */,
				BFE3EF222292B0BC0029DA89 /* stopwatch.aep */,
				BFE3EF232292B0BC0029DA89 /* stopwatch.json */,
			);
			path = Splash;
			sourceTree = "<group>";
		};
		C6494A0865D37AC60CB5256E /* Pods */ = {
			isa = PBXGroup;
			children = (
				2521F61836ACAF313370B923 /* Pods-Timely.debug.xcconfig */,
				F01F6EC1C06B8A93CAEB3494 /* Pods-Timely.release.xcconfig */,
			);
			name = Pods;
			sourceTree = "<group>";
		};
		E8197BD881125B65BB5FDD71 /* Frameworks */ = {
			isa = PBXGroup;
			children = (
				6FCF99208C2A9328624F467C /* Pods_Timely.framework */,
			);
			name = Frameworks;
			sourceTree = "<group>";
		};
/* End PBXGroup section */

/* Begin PBXNativeTarget section */
		BF085B21229567DF002BFE9E /* TimelyTests */ = {
			isa = PBXNativeTarget;
			buildConfigurationList = BF085B2B229567DF002BFE9E /* Build configuration list for PBXNativeTarget "TimelyTests" */;
			buildPhases = (
				BF085B1E229567DF002BFE9E /* Sources */,
				BF085B1F229567DF002BFE9E /* Frameworks */,
				BF085B20229567DF002BFE9E /* Resources */,
			);
			buildRules = (
			);
			dependencies = (
				BF085B28229567DF002BFE9E /* PBXTargetDependency */,
			);
			name = TimelyTests;
			productName = TimelyTests;
			productReference = BF085B22229567DF002BFE9E /* TimelyTests.xctest */;
			productType = "com.apple.product-type.bundle.unit-test";
		};
		BF1286F5226DE2FE000DB226 /* Timely */ = {
			isa = PBXNativeTarget;
			buildConfigurationList = BF128708226DE300000DB226 /* Build configuration list for PBXNativeTarget "Timely" */;
			buildPhases = (
				08B65A1B5355D05B9F2424DA /* [CP] Check Pods Manifest.lock */,
				BF1286F2226DE2FE000DB226 /* Sources */,
				BF1286F3226DE2FE000DB226 /* Frameworks */,
				BF1286F4226DE2FE000DB226 /* Resources */,
				30BD9B663A8F5C80F0557C9B /* [CP] Embed Pods Frameworks */,
			);
			buildRules = (
			);
			dependencies = (
			);
			name = Timely;
			productName = Timely;
			productReference = BF1286F6226DE2FE000DB226 /* Timely.app */;
			productType = "com.apple.product-type.application";
		};
/* End PBXNativeTarget section */

/* Begin PBXProject section */
		BF1286EE226DE2FE000DB226 /* Project object */ = {
			isa = PBXProject;
			attributes = {
				LastSwiftUpdateCheck = 1020;
				LastUpgradeCheck = 1020;
				ORGANIZATIONNAME = maropost;
				TargetAttributes = {
					BF085B21229567DF002BFE9E = {
						CreatedOnToolsVersion = 10.2.1;
						TestTargetID = BF1286F5226DE2FE000DB226;
					};
					BF1286F5226DE2FE000DB226 = {
						CreatedOnToolsVersion = 10.2;
						LastSwiftMigration = 1020;
					};
				};
			};
			buildConfigurationList = BF1286F1226DE2FE000DB226 /* Build configuration list for PBXProject "Timely" */;
			compatibilityVersion = "Xcode 9.3";
			developmentRegion = en;
			hasScannedForEncodings = 0;
			knownRegions = (
				en,
				Base,
			);
			mainGroup = BF1286ED226DE2FE000DB226;
			productRefGroup = BF1286F7226DE2FE000DB226 /* Products */;
			projectDirPath = "";
			projectRoot = "";
			targets = (
				BF1286F5226DE2FE000DB226 /* Timely */,
				BF085B21229567DF002BFE9E /* TimelyTests */,
			);
		};
/* End PBXProject section */

/* Begin PBXResourcesBuildPhase section */
		BF085B20229567DF002BFE9E /* Resources */ = {
			isa = PBXResourcesBuildPhase;
			buildActionMask = 2147483647;
			files = (
			);
			runOnlyForDeploymentPostprocessing = 0;
		};
		BF1286F4226DE2FE000DB226 /* Resources */ = {
			isa = PBXResourcesBuildPhase;
			buildActionMask = 2147483647;
			files = (
				BF02517E2271B8850005E0A6 /* Lato-Black.ttf in Resources */,
				BFE3EF272292B0CC0029DA89 /* wave.json in Resources */,
				BF5E9AB8229675ED0080B093 /* person_out.svg in Resources */,
				BF02517F2271B8850005E0A6 /* Lato-BlackItalic.ttf in Resources */,
				BFE3EF242292B0BD0029DA89 /* stopwatch.aep in Resources */,
				BF0251802271B8850005E0A6 /* Lato-Bold.ttf in Resources */,
				BF0251812271B8850005E0A6 /* Lato-BoldItalic.ttf in Resources */,
				BF0251822271B8850005E0A6 /* Lato-Hairline.ttf in Resources */,
				BF0251832271B8850005E0A6 /* Lato-HairlineItalic.ttf in Resources */,
				BF0251842271B8850005E0A6 /* Lato-Italic.ttf in Resources */,
				BF0251852271B8850005E0A6 /* Lato-Light.ttf in Resources */,
				BF0E32CE227823F8003C0B8B /* InOutCollectionCell.xib in Resources */,
				BFE3EF252292B0BD0029DA89 /* stopwatch.json in Resources */,
				BF0251862271B8850005E0A6 /* Lato-LightItalic.ttf in Resources */,
				BF0251872271B8850005E0A6 /* Lato-Regular.ttf in Resources */,
				BF128720226EDBE6000DB226 /* fa-brands-400.ttf in Resources */,
				BFE0A02E229414B000B5A0E8 /* TimeLogHistoryCell.xib in Resources */,
				BF128721226EDBE6000DB226 /* fa-regular-400.ttf in Resources */,
				BF128722226EDBE6000DB226 /* fa-solid-900.ttf in Resources */,
				BF5E9AB9229675ED0080B093 /* person_in.svg in Resources */,
				BF128723226EDBE6000DB226 /* FontAwesome.otf in Resources */,
				BF128704226DE300000DB226 /* LaunchScreen.storyboard in Resources */,
				BF0E32CA22781BA2003C0B8B /* InOutCell.xib in Resources */,
				BF128701226DE300000DB226 /* Assets.xcassets in Resources */,
				BF1286FF226DE2FE000DB226 /* Main.storyboard in Resources */,
			);
			runOnlyForDeploymentPostprocessing = 0;
		};
/* End PBXResourcesBuildPhase section */

/* Begin PBXShellScriptBuildPhase section */
		08B65A1B5355D05B9F2424DA /* [CP] Check Pods Manifest.lock */ = {
			isa = PBXShellScriptBuildPhase;
			buildActionMask = 2147483647;
			files = (
			);
			inputPaths = (
				"${PODS_PODFILE_DIR_PATH}/Podfile.lock",
				"${PODS_ROOT}/Manifest.lock",
			);
			name = "[CP] Check Pods Manifest.lock";
			outputPaths = (
				"$(DERIVED_FILE_DIR)/Pods-Timely-checkManifestLockResult.txt",
			);
			runOnlyForDeploymentPostprocessing = 0;
			shellPath = /bin/sh;
			shellScript = "diff \"${PODS_PODFILE_DIR_PATH}/Podfile.lock\" \"${PODS_ROOT}/Manifest.lock\" > /dev/null\nif [ $? != 0 ] ; then\n    # print error to STDERR\n    echo \"error: The sandbox is not in sync with the Podfile.lock. Run 'pod install' or update your CocoaPods installation.\" >&2\n    exit 1\nfi\n# This output is used by Xcode 'outputs' to avoid re-running this script phase.\necho \"SUCCESS\" > \"${SCRIPT_OUTPUT_FILE_0}\"\n";
			showEnvVarsInLog = 0;
		};
		30BD9B663A8F5C80F0557C9B /* [CP] Embed Pods Frameworks */ = {
			isa = PBXShellScriptBuildPhase;
			buildActionMask = 2147483647;
			files = (
			);
			inputPaths = (
				"${SRCROOT}/Pods/Target Support Files/Pods-Timely/Pods-Timely-frameworks.sh",
				"${BUILT_PRODUCTS_DIR}/Alamofire/Alamofire.framework",
				"${BUILT_PRODUCTS_DIR}/AlamofireObjectMapper/AlamofireObjectMapper.framework",
				"${BUILT_PRODUCTS_DIR}/Charts/Charts.framework",
				"${BUILT_PRODUCTS_DIR}/DateTimePicker/DateTimePicker.framework",
				"${BUILT_PRODUCTS_DIR}/FontAwesome.swift/FontAwesome_swift.framework",
				"${BUILT_PRODUCTS_DIR}/ObjectMapper/ObjectMapper.framework",
				"${BUILT_PRODUCTS_DIR}/Persei/Persei.framework",
				"${BUILT_PRODUCTS_DIR}/SkeletonView/SkeletonView.framework",
				"${BUILT_PRODUCTS_DIR}/SwiftDate/SwiftDate.framework",
				"${BUILT_PRODUCTS_DIR}/SwiftKeychainWrapper/SwiftKeychainWrapper.framework",
				"${BUILT_PRODUCTS_DIR}/fluid-slider/fluid_slider.framework",
				"${BUILT_PRODUCTS_DIR}/lottie-ios/Lottie.framework",
				"${BUILT_PRODUCTS_DIR}/pop/pop.framework",
			);
			name = "[CP] Embed Pods Frameworks";
			outputPaths = (
				"${TARGET_BUILD_DIR}/${FRAMEWORKS_FOLDER_PATH}/Alamofire.framework",
				"${TARGET_BUILD_DIR}/${FRAMEWORKS_FOLDER_PATH}/AlamofireObjectMapper.framework",
				"${TARGET_BUILD_DIR}/${FRAMEWORKS_FOLDER_PATH}/Charts.framework",
				"${TARGET_BUILD_DIR}/${FRAMEWORKS_FOLDER_PATH}/DateTimePicker.framework",
				"${TARGET_BUILD_DIR}/${FRAMEWORKS_FOLDER_PATH}/FontAwesome_swift.framework",
				"${TARGET_BUILD_DIR}/${FRAMEWORKS_FOLDER_PATH}/ObjectMapper.framework",
				"${TARGET_BUILD_DIR}/${FRAMEWORKS_FOLDER_PATH}/Persei.framework",
				"${TARGET_BUILD_DIR}/${FRAMEWORKS_FOLDER_PATH}/SkeletonView.framework",
				"${TARGET_BUILD_DIR}/${FRAMEWORKS_FOLDER_PATH}/SwiftDate.framework",
				"${TARGET_BUILD_DIR}/${FRAMEWORKS_FOLDER_PATH}/SwiftKeychainWrapper.framework",
				"${TARGET_BUILD_DIR}/${FRAMEWORKS_FOLDER_PATH}/fluid_slider.framework",
				"${TARGET_BUILD_DIR}/${FRAMEWORKS_FOLDER_PATH}/Lottie.framework",
				"${TARGET_BUILD_DIR}/${FRAMEWORKS_FOLDER_PATH}/pop.framework",
			);
			runOnlyForDeploymentPostprocessing = 0;
			shellPath = /bin/sh;
			shellScript = "\"${SRCROOT}/Pods/Target Support Files/Pods-Timely/Pods-Timely-frameworks.sh\"\n";
			showEnvVarsInLog = 0;
		};
/* End PBXShellScriptBuildPhase section */

/* Begin PBXSourcesBuildPhase section */
		BF085B1E229567DF002BFE9E /* Sources */ = {
			isa = PBXSourcesBuildPhase;
			buildActionMask = 2147483647;
			files = (
				BF085B25229567DF002BFE9E /* TimelyTests.swift in Sources */,
				BF085B2D2295682D002BFE9E /* LoginTests.swift in Sources */,
			);
			runOnlyForDeploymentPostprocessing = 0;
		};
		BF1286F2226DE2FE000DB226 /* Sources */ = {
			isa = PBXSourcesBuildPhase;
			buildActionMask = 2147483647;
			files = (
				BF02518E2271CC6D0005E0A6 /* RadarMarkerView.swift in Sources */,
				BFE0A0222293CC8900B5A0E8 /* TimeLogDetails.swift in Sources */,
				BF787AAB229BE24C00705819 /* MenuCell.swift in Sources */,
				BF5E9ABB22967C9D0080B093 /* TimelyColorsUtility.swift in Sources */,
				BF787AA5229BE24400705819 /* UIEdgeInsets+Equatable.swift in Sources */,
				BF1286FC226DE2FE000DB226 /* ViewController.swift in Sources */,
				BF854309229BBBE600960B4D /* DGElasticPullToRefreshExtensions.swift in Sources */,
				BF787AAC229BE24C00705819 /* MenuViewDelegate.swift in Sources */,
				BF854308229BBBE600960B4D /* DGElasticPullToRefreshLoadingView.swift in Sources */,
				BF0251692271928D0005E0A6 /* TimelyColors.swift in Sources */,
				BF128716226ED90E000DB226 /* PlaceholderIcon.swift in Sources */,
				BF12873C22717D90000DB226 /* LGSideMenuController.m in Sources */,
				BF12873D22717D90000DB226 /* LGSideMenuGesturesHandler.m in Sources */,
				BF02516B2271929C0005E0A6 /* TimelyConstants.swift in Sources */,
				BFE3EF172292910B0029DA89 /* Binding.swift in Sources */,
				BF0251952271CCB20005E0A6 /* IntAxisValueFormatter.swift in Sources */,
				BFE0A0202293CB5300B5A0E8 /* TimeLogService.swift in Sources */,
				BF128728226EE8B5000DB226 /* AuthenticationVC.swift in Sources */,
				BF02516322718CC10005E0A6 /* HomeVC.swift in Sources */,
				BF787AAE229BE24C00705819 /* MenuItem.swift in Sources */,
				BF02516D227192AB0005E0A6 /* TimelyFonts.swift in Sources */,
				BF0251962271CCB20005E0A6 /* DayAxisValueFormatter.swift in Sources */,
				BF85430A229BBBE600960B4D /* DGElasticPullToRefreshConstants.swift in Sources */,
				BF1287422271828E000DB226 /* MainVC.swift in Sources */,
				BFE3EF1D2292A6120029DA89 /* Reachability.swift in Sources */,
				BF02519B2276FE190005E0A6 /* ColoredImageView.swift in Sources */,
				BF787AAD229BE24C00705819 /* MenuView.swift in Sources */,
				BF128725226EDFCF000DB226 /* RoundedView.swift in Sources */,
				BF02518D2271CC6D0005E0A6 /* XYMarkerView.swift in Sources */,
				BF787AB2229C017800705819 /* TimelyDateExtensions.swift in Sources */,
				BF787A9A229BDD8700705819 /* NavigationDropdownMenu.swift in Sources */,
				BF12873F22717D90000DB226 /* LGSideMenuSegue.m in Sources */,
				BF0E32D3227857AF003C0B8B /* TimelyArrayExtensions.swift in Sources */,
				BF85430B229BBBE600960B4D /* DGElasticPullToRefreshView.swift in Sources */,
				BF0251972271CCB20005E0A6 /* LargeValueFormatter.swift in Sources */,
				BF128718226ED913000DB226 /* HRToast+UIView.swift in Sources */,
				BF787AA1229BE23C00705819 /* StickyHeaderView.swift in Sources */,
				BFE0A02D229414B000B5A0E8 /* TimeLogHistoryCell.swift in Sources */,
				BFE3EF2B2292BCD10029DA89 /* UIView+Gradient.swift in Sources */,
				BF12873B22717D90000DB226 /* LGSideMenuBorderView.m in Sources */,
				BF12873A22717D90000DB226 /* LGSideMenuView.m in Sources */,
				BF02518F2271CC6D0005E0A6 /* BalloonMarker.swift in Sources */,
				BF0E32CD227823F8003C0B8B /* InOutCollectionCell.swift in Sources */,
				BF787AA6229BE24400705819 /* UIScrollView+Extension.swift in Sources */,
				BF12873E22717D90000DB226 /* UIViewController+LGSideMenuController.m in Sources */,
				BFE0A01E2293C7BB00B5A0E8 /* TimeLogHistoryVC.swift in Sources */,
				BF128712226ED8F2000DB226 /* RoundedButton.swift in Sources */,
				BF854307229BBBE600960B4D /* DGElasticPullToRefreshLoadingViewCircle.swift in Sources */,
				BF025170227198040005E0A6 /* TimelyColorsExtension.swift in Sources */,
				BF39E097228ED02000881626 /* TimelyUrls.swift in Sources */,
				BF0E32C922781BA2003C0B8B /* InOutCell.swift in Sources */,
				BF02516722718DA90005E0A6 /* SideMenuVC.swift in Sources */,
				BF1286FA226DE2FE000DB226 /* AppDelegate.swift in Sources */,
				BF0251942271CCB20005E0A6 /* DateValueFormatter.swift in Sources */,
				BF787AA2229BE23C00705819 /* HeaderShadowView.swift in Sources */,
				BFE3EF1F2292AFA40029DA89 /* SplashVC.swift in Sources */,
				BF39E093228EBDDE00881626 /* LoginService.swift in Sources */,
				BF12874022717D90000DB226 /* LGSideMenuHelper.m in Sources */,
				BFE3EF1A229291480029DA89 /* LoginVM.swift in Sources */,
				BF128714226ED8FC000DB226 /* DesignableTextField.swift in Sources */,
				BFE0A0272293F68400B5A0E8 /* TimeLogHistoryVM.swift in Sources */,
				BFE0A0252293DCED00B5A0E8 /* KeychainHelper.swift in Sources */,
				BF39E095228ECD6200881626 /* ResponseEnums.swift in Sources */,
				BFE3EF182292910B0029DA89 /* BindingTextField.swift in Sources */,
				BF39E090228EB97800881626 /* User.swift in Sources */,
				BF025172227199890005E0A6 /* RightVC.swift in Sources */,
			);
			runOnlyForDeploymentPostprocessing = 0;
		};
/* End PBXSourcesBuildPhase section */

/* Begin PBXTargetDependency section */
		BF085B28229567DF002BFE9E /* PBXTargetDependency */ = {
			isa = PBXTargetDependency;
			target = BF1286F5226DE2FE000DB226 /* Timely */;
			targetProxy = BF085B27229567DF002BFE9E /* PBXContainerItemProxy */;
		};
/* End PBXTargetDependency section */

/* Begin PBXVariantGroup section */
		BF1286FD226DE2FE000DB226 /* Main.storyboard */ = {
			isa = PBXVariantGroup;
			children = (
				BF1286FE226DE2FE000DB226 /* Base */,
			);
			name = Main.storyboard;
			sourceTree = "<group>";
		};
		BF128702226DE300000DB226 /* LaunchScreen.storyboard */ = {
			isa = PBXVariantGroup;
			children = (
				BF128703226DE300000DB226 /* Base */,
			);
			name = LaunchScreen.storyboard;
			sourceTree = "<group>";
		};
/* End PBXVariantGroup section */

/* Begin XCBuildConfiguration section */
		BF085B29229567DF002BFE9E /* Debug */ = {
			isa = XCBuildConfiguration;
			buildSettings = {
				BUNDLE_LOADER = "$(TEST_HOST)";
				CODE_SIGN_STYLE = Automatic;
				INFOPLIST_FILE = TimelyTests/Info.plist;
				IPHONEOS_DEPLOYMENT_TARGET = 12.2;
				LD_RUNPATH_SEARCH_PATHS = (
					"$(inherited)",
					"@executable_path/Frameworks",
					"@loader_path/Frameworks",
				);
				PRODUCT_BUNDLE_IDENTIFIER = Maropost.TimelyTests;
				PRODUCT_NAME = "$(TARGET_NAME)";
				SWIFT_VERSION = 5.0;
				TARGETED_DEVICE_FAMILY = "1,2";
				TEST_HOST = "$(BUILT_PRODUCTS_DIR)/Timely.app/Timely";
			};
			name = Debug;
		};
		BF085B2A229567DF002BFE9E /* Release */ = {
			isa = XCBuildConfiguration;
			buildSettings = {
				BUNDLE_LOADER = "$(TEST_HOST)";
				CODE_SIGN_STYLE = Automatic;
				INFOPLIST_FILE = TimelyTests/Info.plist;
				IPHONEOS_DEPLOYMENT_TARGET = 12.2;
				LD_RUNPATH_SEARCH_PATHS = (
					"$(inherited)",
					"@executable_path/Frameworks",
					"@loader_path/Frameworks",
				);
				PRODUCT_BUNDLE_IDENTIFIER = Maropost.TimelyTests;
				PRODUCT_NAME = "$(TARGET_NAME)";
				SWIFT_VERSION = 5.0;
				TARGETED_DEVICE_FAMILY = "1,2";
				TEST_HOST = "$(BUILT_PRODUCTS_DIR)/Timely.app/Timely";
			};
			name = Release;
		};
		BF128706226DE300000DB226 /* Debug */ = {
			isa = XCBuildConfiguration;
			buildSettings = {
				ALWAYS_SEARCH_USER_PATHS = NO;
				CLANG_ANALYZER_NONNULL = YES;
				CLANG_ANALYZER_NUMBER_OBJECT_CONVERSION = YES_AGGRESSIVE;
				CLANG_CXX_LANGUAGE_STANDARD = "gnu++14";
				CLANG_CXX_LIBRARY = "libc++";
				CLANG_ENABLE_MODULES = YES;
				CLANG_ENABLE_OBJC_ARC = YES;
				CLANG_ENABLE_OBJC_WEAK = YES;
				CLANG_WARN_BLOCK_CAPTURE_AUTORELEASING = YES;
				CLANG_WARN_BOOL_CONVERSION = YES;
				CLANG_WARN_COMMA = YES;
				CLANG_WARN_CONSTANT_CONVERSION = YES;
				CLANG_WARN_DEPRECATED_OBJC_IMPLEMENTATIONS = YES;
				CLANG_WARN_DIRECT_OBJC_ISA_USAGE = YES_ERROR;
				CLANG_WARN_DOCUMENTATION_COMMENTS = YES;
				CLANG_WARN_EMPTY_BODY = YES;
				CLANG_WARN_ENUM_CONVERSION = YES;
				CLANG_WARN_INFINITE_RECURSION = YES;
				CLANG_WARN_INT_CONVERSION = YES;
				CLANG_WARN_NON_LITERAL_NULL_CONVERSION = YES;
				CLANG_WARN_OBJC_IMPLICIT_RETAIN_SELF = YES;
				CLANG_WARN_OBJC_LITERAL_CONVERSION = YES;
				CLANG_WARN_OBJC_ROOT_CLASS = YES_ERROR;
				CLANG_WARN_RANGE_LOOP_ANALYSIS = YES;
				CLANG_WARN_STRICT_PROTOTYPES = YES;
				CLANG_WARN_SUSPICIOUS_MOVE = YES;
				CLANG_WARN_UNGUARDED_AVAILABILITY = YES_AGGRESSIVE;
				CLANG_WARN_UNREACHABLE_CODE = YES;
				CLANG_WARN__DUPLICATE_METHOD_MATCH = YES;
				CODE_SIGN_IDENTITY = "iPhone Developer";
				COPY_PHASE_STRIP = NO;
				DEBUG_INFORMATION_FORMAT = dwarf;
				ENABLE_STRICT_OBJC_MSGSEND = YES;
				ENABLE_TESTABILITY = YES;
				GCC_C_LANGUAGE_STANDARD = gnu11;
				GCC_DYNAMIC_NO_PIC = NO;
				GCC_NO_COMMON_BLOCKS = YES;
				GCC_OPTIMIZATION_LEVEL = 0;
				GCC_PREPROCESSOR_DEFINITIONS = (
					"DEBUG=1",
					"$(inherited)",
				);
				GCC_WARN_64_TO_32_BIT_CONVERSION = YES;
				GCC_WARN_ABOUT_RETURN_TYPE = YES_ERROR;
				GCC_WARN_UNDECLARED_SELECTOR = YES;
				GCC_WARN_UNINITIALIZED_AUTOS = YES_AGGRESSIVE;
				GCC_WARN_UNUSED_FUNCTION = YES;
				GCC_WARN_UNUSED_VARIABLE = YES;
				IPHONEOS_DEPLOYMENT_TARGET = 10;
				MTL_ENABLE_DEBUG_INFO = INCLUDE_SOURCE;
				MTL_FAST_MATH = YES;
				ONLY_ACTIVE_ARCH = YES;
				SDKROOT = iphoneos;
				SWIFT_ACTIVE_COMPILATION_CONDITIONS = DEBUG;
				SWIFT_OPTIMIZATION_LEVEL = "-Onone";
			};
			name = Debug;
		};
		BF128707226DE300000DB226 /* Release */ = {
			isa = XCBuildConfiguration;
			buildSettings = {
				ALWAYS_SEARCH_USER_PATHS = NO;
				CLANG_ANALYZER_NONNULL = YES;
				CLANG_ANALYZER_NUMBER_OBJECT_CONVERSION = YES_AGGRESSIVE;
				CLANG_CXX_LANGUAGE_STANDARD = "gnu++14";
				CLANG_CXX_LIBRARY = "libc++";
				CLANG_ENABLE_MODULES = YES;
				CLANG_ENABLE_OBJC_ARC = YES;
				CLANG_ENABLE_OBJC_WEAK = YES;
				CLANG_WARN_BLOCK_CAPTURE_AUTORELEASING = YES;
				CLANG_WARN_BOOL_CONVERSION = YES;
				CLANG_WARN_COMMA = YES;
				CLANG_WARN_CONSTANT_CONVERSION = YES;
				CLANG_WARN_DEPRECATED_OBJC_IMPLEMENTATIONS = YES;
				CLANG_WARN_DIRECT_OBJC_ISA_USAGE = YES_ERROR;
				CLANG_WARN_DOCUMENTATION_COMMENTS = YES;
				CLANG_WARN_EMPTY_BODY = YES;
				CLANG_WARN_ENUM_CONVERSION = YES;
				CLANG_WARN_INFINITE_RECURSION = YES;
				CLANG_WARN_INT_CONVERSION = YES;
				CLANG_WARN_NON_LITERAL_NULL_CONVERSION = YES;
				CLANG_WARN_OBJC_IMPLICIT_RETAIN_SELF = YES;
				CLANG_WARN_OBJC_LITERAL_CONVERSION = YES;
				CLANG_WARN_OBJC_ROOT_CLASS = YES_ERROR;
				CLANG_WARN_RANGE_LOOP_ANALYSIS = YES;
				CLANG_WARN_STRICT_PROTOTYPES = YES;
				CLANG_WARN_SUSPICIOUS_MOVE = YES;
				CLANG_WARN_UNGUARDED_AVAILABILITY = YES_AGGRESSIVE;
				CLANG_WARN_UNREACHABLE_CODE = YES;
				CLANG_WARN__DUPLICATE_METHOD_MATCH = YES;
				CODE_SIGN_IDENTITY = "iPhone Developer";
				COPY_PHASE_STRIP = NO;
				DEBUG_INFORMATION_FORMAT = "dwarf-with-dsym";
				ENABLE_NS_ASSERTIONS = NO;
				ENABLE_STRICT_OBJC_MSGSEND = YES;
				GCC_C_LANGUAGE_STANDARD = gnu11;
				GCC_NO_COMMON_BLOCKS = YES;
				GCC_WARN_64_TO_32_BIT_CONVERSION = YES;
				GCC_WARN_ABOUT_RETURN_TYPE = YES_ERROR;
				GCC_WARN_UNDECLARED_SELECTOR = YES;
				GCC_WARN_UNINITIALIZED_AUTOS = YES_AGGRESSIVE;
				GCC_WARN_UNUSED_FUNCTION = YES;
				GCC_WARN_UNUSED_VARIABLE = YES;
				IPHONEOS_DEPLOYMENT_TARGET = 10;
				MTL_ENABLE_DEBUG_INFO = NO;
				MTL_FAST_MATH = YES;
				SDKROOT = iphoneos;
				SWIFT_COMPILATION_MODE = wholemodule;
				SWIFT_OPTIMIZATION_LEVEL = "-O";
				VALIDATE_PRODUCT = YES;
			};
			name = Release;
		};
		BF128709226DE300000DB226 /* Debug */ = {
			isa = XCBuildConfiguration;
			baseConfigurationReference = 2521F61836ACAF313370B923 /* Pods-Timely.debug.xcconfig */;
			buildSettings = {
				ASSETCATALOG_COMPILER_APPICON_NAME = AppIcon;
				CLANG_ENABLE_MODULES = YES;
				CODE_SIGN_IDENTITY = "iPhone Developer: Manny Ju (D5K5YUDFU4)";
				CODE_SIGN_STYLE = Manual;
				DEVELOPMENT_TEAM = LM89JMBV9C;
				INFOPLIST_FILE = Timely/Common/Info.plist;
				LD_RUNPATH_SEARCH_PATHS = (
					"$(inherited)",
					"@executable_path/Frameworks",
				);
				PRODUCT_BUNDLE_IDENTIFIER = com.development.maropost;
				PRODUCT_NAME = "$(TARGET_NAME)";
				PROVISIONING_PROFILE_SPECIFIER = MaropostDevelopment;
				SWIFT_OBJC_BRIDGING_HEADER = "Timely/Common/Timely-Bridging-Header.h";
				SWIFT_OPTIMIZATION_LEVEL = "-Onone";
				SWIFT_VERSION = 5.0;
				TARGETED_DEVICE_FAMILY = "1,2";
			};
			name = Debug;
		};
		BF12870A226DE300000DB226 /* Release */ = {
			isa = XCBuildConfiguration;
			baseConfigurationReference = F01F6EC1C06B8A93CAEB3494 /* Pods-Timely.release.xcconfig */;
			buildSettings = {
				ASSETCATALOG_COMPILER_APPICON_NAME = AppIcon;
				CLANG_ENABLE_MODULES = YES;
				CODE_SIGN_IDENTITY = "iPhone Developer: Manny Ju (D5K5YUDFU4)";
				CODE_SIGN_STYLE = Manual;
				DEVELOPMENT_TEAM = LM89JMBV9C;
				INFOPLIST_FILE = Timely/Common/Info.plist;
				LD_RUNPATH_SEARCH_PATHS = (
					"$(inherited)",
					"@executable_path/Frameworks",
				);
				PRODUCT_BUNDLE_IDENTIFIER = com.development.maropost;
				PRODUCT_NAME = "$(TARGET_NAME)";
				PROVISIONING_PROFILE_SPECIFIER = MaropostDevelopment;
				SWIFT_OBJC_BRIDGING_HEADER = "Timely/Common/Timely-Bridging-Header.h";
				SWIFT_VERSION = 5.0;
				TARGETED_DEVICE_FAMILY = "1,2";
			};
			name = Release;
		};
/* End XCBuildConfiguration section */

/* Begin XCConfigurationList section */
		BF085B2B229567DF002BFE9E /* Build configuration list for PBXNativeTarget "TimelyTests" */ = {
			isa = XCConfigurationList;
			buildConfigurations = (
				BF085B29229567DF002BFE9E /* Debug */,
				BF085B2A229567DF002BFE9E /* Release */,
			);
			defaultConfigurationIsVisible = 0;
			defaultConfigurationName = Release;
		};
		BF1286F1226DE2FE000DB226 /* Build configuration list for PBXProject "Timely" */ = {
			isa = XCConfigurationList;
			buildConfigurations = (
				BF128706226DE300000DB226 /* Debug */,
				BF128707226DE300000DB226 /* Release */,
			);
			defaultConfigurationIsVisible = 0;
			defaultConfigurationName = Release;
		};
		BF128708226DE300000DB226 /* Build configuration list for PBXNativeTarget "Timely" */ = {
			isa = XCConfigurationList;
			buildConfigurations = (
				BF128709226DE300000DB226 /* Debug */,
				BF12870A226DE300000DB226 /* Release */,
			);
			defaultConfigurationIsVisible = 0;
			defaultConfigurationName = Release;
		};
/* End XCConfigurationList section */
	};
	rootObject = BF1286EE226DE2FE000DB226 /* Project object */;
}
